
Microsoft Visual Studio Solution File, Format Version 12.00
# Visual Studio Version 16
VisualStudioVersion = 16.0.32002.261
MinimumVisualStudioVersion = 10.0.40219.1
Project("{FAE04EC0-301F-11D3-BF4B-00C04F79EFBC}") = "ADTStack", "ADTStack\ADTStack.csproj", "{90C714F6-9507-4477-B3DC-A29DDDDA4B1B}"
EndProject
Global
	GlobalSection(SolutionConfigurationPlatforms) = preSolution
		Debug|Any CPU = Debug|Any CPU
		Release|Any CPU = Release|Any CPU
	EndGlobalSection
	GlobalSection(ProjectConfigurationPlatforms) = postSolution
		{90C714F6-9507-4477-B3DC-A29DDDDA4B1B}.Debug|Any CPU.ActiveCfg = Debug|Any CPU
		{90C714F6-9507-4477-B3DC-A29DDDDA4B1B}.Debug|Any CPU.Build.0 = Debug|Any CPU
		{90C714F6-9507-4477-B3DC-A29DDDDA4B1B}.Release|Any CPU.ActiveCfg = Release|Any CPU
		{90C714F6-9507-4477-B3DC-A29DDDDA4B1B}.Release|Any CPU.Build.0 = Release|Any CPU
	EndGlobalSection
	GlobalSection(SolutionProperties) = preSolution
		HideSolutionNode = FALSE
	EndGlobalSection
	GlobalSection(ExtensibilityGlobals) = postSolution
		SolutionGuid = {75232230-BDA3-4006-890F-1F604C50E6B2}
	EndGlobalSection
EndGlobal
